{
  "name": "example",
  "version": "1.0.0",
  "lockfileVersion": 1,
  "requires": true,
  "dependencies": {
    "lodash-es": {
      "version": "4.17.21",
      "resolved": "https://registry.npmjs.org/lodash-es/-/lodash-es-4.17.21.tgz",
      "integrity": "sha512-mKnC+QJ9pWVzv+C4/U3rRsHapFfHvQFoFB92e52xeyGMcX6/OlIl78je1u8vePzYZSkkogMPJ2yjxxsb89cxyw=="
    },
    "wxapp-enhance": {
      "version": "0.0.2",
      "resolved": "https://registry.npmjs.org/wxapp-enhance/-/wxapp-enhance-0.0.2.tgz",
      "integrity": "sha512-AGPUFQrzikWX3CovMNJitoaq/9lZLyiRlkj/4KszDuJlwf0xYnGFr/KpuhM3tDLe8ZKG8uOogA0kGnOgYhraKw==",
      "requires": {
        "lodash-es": "^4.17.21"
      }
    }
  }
}
